
Microsoft Visual Studio Solution File, Format Version 12.00
# Visual Studio Version 16
VisualStudioVersion = 16.0.30413.136
MinimumVisualStudioVersion = 10.0.40219.1
Project("{FAE04EC0-301F-11D3-BF4B-00C04F79EFBC}") = "StrategyPattern", "StrategyPattern\StrategyPattern.csproj", "{75A52B0D-08DD-4405-877C-17FB11848EE6}"
EndProject
Global
	GlobalSection(SolutionConfigurationPlatforms) = preSolution
		Debug|Any CPU = Debug|Any CPU
		Release|Any CPU = Release|Any CPU
	EndGlobalSection
	GlobalSection(ProjectConfigurationPlatforms) = postSolution
		{75A52B0D-08DD-4405-877C-17FB11848EE6}.Debug|Any CPU.ActiveCfg = Debug|Any CPU
		{75A52B0D-08DD-4405-877C-17FB11848EE6}.Debug|Any CPU.Build.0 = Debug|Any CPU
		{75A52B0D-08DD-4405-877C-17FB11848EE6}.Release|Any CPU.ActiveCfg = Release|Any CPU
		{75A52B0D-08DD-4405-877C-17FB11848EE6}.Release|Any CPU.Build.0 = Release|Any CPU
	EndGlobalSection
	GlobalSection(SolutionProperties) = preSolution
		HideSolutionNode = FALSE
	EndGlobalSection
	GlobalSection(ExtensibilityGlobals) = postSolution
		SolutionGuid = {7608961A-7367-423F-8587-6DC17C48324B}
	EndGlobalSection
EndGlobal
